
Microsoft Visual Studio Solution File, Format Version 12.00
# Visual Studio Version 16
VisualStudioVersion = 16.0.29709.97
MinimumVisualStudioVersion = 10.0.40219.1
Project("{FAE04EC0-301F-11D3-BF4B-00C04F79EFBC}") = "CardGame", "CardGame.csproj", "{26FE3321-8228-4194-BDC5-F417B2658BCE}"
EndProject
Global
	GlobalSection(SolutionConfigurationPlatforms) = preSolution
		Debug|Any CPU = Debug|Any CPU
		Release|Any CPU = Release|Any CPU
	EndGlobalSection
	GlobalSection(ProjectConfigurationPlatforms) = postSolution
		{26FE3321-8228-4194-BDC5-F417B2658BCE}.Debug|Any CPU.ActiveCfg = Debug|Any CPU
		{26FE3321-8228-4194-BDC5-F417B2658BCE}.Debug|Any CPU.Build.0 = Debug|Any CPU
		{26FE3321-8228-4194-BDC5-F417B2658BCE}.Release|Any CPU.ActiveCfg = Release|Any CPU
		{26FE3321-8228-4194-BDC5-F417B2658BCE}.Release|Any CPU.Build.0 = Release|Any CPU
	EndGlobalSection
	GlobalSection(SolutionProperties) = preSolution
		HideSolutionNode = FALSE
	EndGlobalSection
	GlobalSection(ExtensibilityGlobals) = postSolution
		SolutionGuid = {95790328-AB22-4662-A5E2-EB916FE41719}
	EndGlobalSection
EndGlobal
